
Microsoft Visual Studio Solution File, Format Version 11.00
# Visual Studio 2010
Project("{F184B08F-C81C-45F6-A57F-5ABD9991F28F}") = "MySignTool", "MySignTool\MySignTool.vbproj", "{8263E0B3-BB0C-4EAF-A49A-EA32FEAF41D0}"
EndProject
Project("{2150E333-8FDC-42A3-9474-1A3956D46DE8}") = "Solution Items", "Solution Items", "{83EB35EE-9C86-4199-AB86-7CCD763881C2}"
EndProject
Project("{54435603-DBB4-11D2-8724-00A0C9A8B90C}") = "Digital Signatures Tool", "Digital Signatures Tool\Digital Signatures Tool.vdproj", "{5DFBBC1F-CDCA-4527-A8DE-BB3A6957C6D3}"
EndProject
Global
	GlobalSection(SolutionConfigurationPlatforms) = preSolution
		Debug|Any CPU = Debug|Any CPU
		Debug|x64 = Debug|x64
		Debug|x86 = Debug|x86
		Release|Any CPU = Release|Any CPU
		Release|x64 = Release|x64
		Release|x86 = Release|x86
	EndGlobalSection
	GlobalSection(ProjectConfigurationPlatforms) = postSolution
		{8263E0B3-BB0C-4EAF-A49A-EA32FEAF41D0}.Debug|Any CPU.ActiveCfg = Debug|x86
		{8263E0B3-BB0C-4EAF-A49A-EA32FEAF41D0}.Debug|Any CPU.Build.0 = Debug|x86
		{8263E0B3-BB0C-4EAF-A49A-EA32FEAF41D0}.Debug|x64.ActiveCfg = Debug|x64
		{8263E0B3-BB0C-4EAF-A49A-EA32FEAF41D0}.Debug|x64.Build.0 = Debug|x64
		{8263E0B3-BB0C-4EAF-A49A-EA32FEAF41D0}.Debug|x86.ActiveCfg = Debug|x86
		{8263E0B3-BB0C-4EAF-A49A-EA32FEAF41D0}.Debug|x86.Build.0 = Debug|x86
		{8263E0B3-BB0C-4EAF-A49A-EA32FEAF41D0}.Release|Any CPU.ActiveCfg = Debug|x86
		{8263E0B3-BB0C-4EAF-A49A-EA32FEAF41D0}.Release|Any CPU.Build.0 = Debug|x86
		{8263E0B3-BB0C-4EAF-A49A-EA32FEAF41D0}.Release|x64.ActiveCfg = Release|x64
		{8263E0B3-BB0C-4EAF-A49A-EA32FEAF41D0}.Release|x64.Build.0 = Release|x64
		{8263E0B3-BB0C-4EAF-A49A-EA32FEAF41D0}.Release|x86.ActiveCfg = Release|x86
		{8263E0B3-BB0C-4EAF-A49A-EA32FEAF41D0}.Release|x86.Build.0 = Release|x86
		{5DFBBC1F-CDCA-4527-A8DE-BB3A6957C6D3}.Debug|Any CPU.ActiveCfg = Debug
		{5DFBBC1F-CDCA-4527-A8DE-BB3A6957C6D3}.Debug|x64.ActiveCfg = Debug
		{5DFBBC1F-CDCA-4527-A8DE-BB3A6957C6D3}.Debug|x86.ActiveCfg = Debug
		{5DFBBC1F-CDCA-4527-A8DE-BB3A6957C6D3}.Release|Any CPU.ActiveCfg = Release
		{5DFBBC1F-CDCA-4527-A8DE-BB3A6957C6D3}.Release|x64.ActiveCfg = Release
		{5DFBBC1F-CDCA-4527-A8DE-BB3A6957C6D3}.Release|x86.ActiveCfg = Release
		{5DFBBC1F-CDCA-4527-A8DE-BB3A6957C6D3}.Release|x86.Build.0 = Release
	EndGlobalSection
	GlobalSection(SolutionProperties) = preSolution
		HideSolutionNode = FALSE
	EndGlobalSection
EndGlobal
